
Microsoft Visual Studio Solution File, Format Version 12.00
# Visual Studio Version 17
VisualStudioVersion = 17.9.34622.214
MinimumVisualStudioVersion = 10.0.40219.1
Project("{9A19103F-16F7-4668-BE54-9A1E7A4F7556}") = "ProfileApplication", "WebApplication1\ProfileApplication.csproj", "{9428101D-95EE-46D4-98EC-8CE00149C3F0}"
EndProject
Project("{9A19103F-16F7-4668-BE54-9A1E7A4F7556}") = "BaiTapVanDung1", "BaiTapVanDung1\BaiTapVanDung1.csproj", "{D286D323-76E3-414E-A74D-DCC0375FA5F5}"
EndProject
Project("{9A19103F-16F7-4668-BE54-9A1E7A4F7556}") = "TodoList", "TodoList\TodoList.csproj", "{32634ECC-C4DC-4331-862C-BCB3A8FBD90F}"
EndProject
Project("{FAE04EC0-301F-11D3-BF4B-00C04F79EFBC}") = "Tuan5", "Tuan3\Tuan5.csproj", "{CA72307D-737A-4A27-9AE0-100F5B13DD53}"
EndProject
Global
	GlobalSection(SolutionConfigurationPlatforms) = preSolution
		Debug|Any CPU = Debug|Any CPU
		Release|Any CPU = Release|Any CPU
	EndGlobalSection
	GlobalSection(ProjectConfigurationPlatforms) = postSolution
		{9428101D-95EE-46D4-98EC-8CE00149C3F0}.Debug|Any CPU.ActiveCfg = Debug|Any CPU
		{9428101D-95EE-46D4-98EC-8CE00149C3F0}.Debug|Any CPU.Build.0 = Debug|Any CPU
		{9428101D-95EE-46D4-98EC-8CE00149C3F0}.Release|Any CPU.ActiveCfg = Release|Any CPU
		{9428101D-95EE-46D4-98EC-8CE00149C3F0}.Release|Any CPU.Build.0 = Release|Any CPU
		{D286D323-76E3-414E-A74D-DCC0375FA5F5}.Debug|Any CPU.ActiveCfg = Debug|Any CPU
		{D286D323-76E3-414E-A74D-DCC0375FA5F5}.Debug|Any CPU.Build.0 = Debug|Any CPU
		{D286D323-76E3-414E-A74D-DCC0375FA5F5}.Release|Any CPU.ActiveCfg = Release|Any CPU
		{D286D323-76E3-414E-A74D-DCC0375FA5F5}.Release|Any CPU.Build.0 = Release|Any CPU
		{32634ECC-C4DC-4331-862C-BCB3A8FBD90F}.Debug|Any CPU.ActiveCfg = Debug|Any CPU
		{32634ECC-C4DC-4331-862C-BCB3A8FBD90F}.Debug|Any CPU.Build.0 = Debug|Any CPU
		{32634ECC-C4DC-4331-862C-BCB3A8FBD90F}.Release|Any CPU.ActiveCfg = Release|Any CPU
		{32634ECC-C4DC-4331-862C-BCB3A8FBD90F}.Release|Any CPU.Build.0 = Release|Any CPU
		{CA72307D-737A-4A27-9AE0-100F5B13DD53}.Debug|Any CPU.ActiveCfg = Debug|Any CPU
		{CA72307D-737A-4A27-9AE0-100F5B13DD53}.Debug|Any CPU.Build.0 = Debug|Any CPU
		{CA72307D-737A-4A27-9AE0-100F5B13DD53}.Release|Any CPU.ActiveCfg = Release|Any CPU
		{CA72307D-737A-4A27-9AE0-100F5B13DD53}.Release|Any CPU.Build.0 = Release|Any CPU
	EndGlobalSection
	GlobalSection(SolutionProperties) = preSolution
		HideSolutionNode = FALSE
	EndGlobalSection
	GlobalSection(ExtensibilityGlobals) = postSolution
		SolutionGuid = {FF424B3A-658F-440B-81D9-FD3986B06139}
	EndGlobalSection
EndGlobal
